// !$*UTF8*$!
{
	archiveVersion = 1;
	classes = {
	};
	objectVersion = 46;
	objects = {

/* Begin PBXBuildFile section */
		6291228D1A7CCFDF00AD4E8C /* main.m in Sources */ = {isa = PBXBuildFile; fileRef = 6291228C1A7CCFDF00AD4E8C /* main.m */; };
		629122901A7CCFDF00AD4E8C /* AppDelegate.m in Sources */ = {isa = PBXBuildFile; fileRef = 6291228F1A7CCFDF00AD4E8C /* AppDelegate.m */; };
		629122931A7CCFDF00AD4E8C /* SBHackathonMobile.xcdatamodeld in Sources */ = {isa = PBXBuildFile; fileRef = 629122911A7CCFDF00AD4E8C /* SBHackathonMobile.xcdatamodeld */; };
		629122961A7CCFDF00AD4E8C /* ViewController.m in Sources */ = {isa = PBXBuildFile; fileRef = 629122951A7CCFDF00AD4E8C /* ViewController.m */; };
		629122991A7CCFDF00AD4E8C /* Main.storyboard in Resources */ = {isa = PBXBuildFile; fileRef = 629122971A7CCFDF00AD4E8C /* Main.storyboard */; };
		6291229B1A7CCFDF00AD4E8C /* Images.xcassets in Resources */ = {isa = PBXBuildFile; fileRef = 6291229A1A7CCFDF00AD4E8C /* Images.xcassets */; };
		6291229E1A7CCFDF00AD4E8C /* LaunchScreen.xib in Resources */ = {isa = PBXBuildFile; fileRef = 6291229C1A7CCFDF00AD4E8C /* LaunchScreen.xib */; };
		629122AA1A7CCFDF00AD4E8C /* SBHackathonMobileTests.m in Sources */ = {isa = PBXBuildFile; fileRef = 629122A91A7CCFDF00AD4E8C /* SBHackathonMobileTests.m */; };
/* End PBXBuildFile section */

/* Begin PBXContainerItemProxy section */
		629122A41A7CCFDF00AD4E8C /* PBXContainerItemProxy */ = {
			isa = PBXContainerItemProxy;
			containerPortal = 6291227F1A7CCFDF00AD4E8C /* Project object */;
			proxyType = 1;
			remoteGlobalIDString = 629122861A7CCFDF00AD4E8C;
			remoteInfo = SBHackathonMobile;
		};
/* End PBXContainerItemProxy section */

/* Begin PBXFileReference section */
		629122871A7CCFDF00AD4E8C /* SBHackathonMobile.app */ = {isa = PBXFileReference; explicitFileType = wrapper.application; includeInIndex = 0; path = SBHackathonMobile.app; sourceTree = BUILT_PRODUCTS_DIR; };
		6291228B1A7CCFDF00AD4E8C /* Info.plist */ = {isa = PBXFileReference; lastKnownFileType = text.plist.xml; path = Info.plist; sourceTree = "<group>"; };
		6291228C1A7CCFDF00AD4E8C /* main.m */ = {isa = PBXFileReference; lastKnownFileType = sourcecode.c.objc; path = main.m; sourceTree = "<group>"; };
		6291228E1A7CCFDF00AD4E8C /* AppDelegate.h */ = {isa = PBXFileReference; lastKnownFileType = sourcecode.c.h; path = AppDelegate.h; sourceTree = "<group>"; };
		6291228F1A7CCFDF00AD4E8C /* AppDelegate.m */ = {isa = PBXFileReference; lastKnownFileType = sourcecode.c.objc; path = AppDelegate.m; sourceTree = "<group>"; };
		629122921A7CCFDF00AD4E8C /* SBHackathonMobile.xcdatamodel */ = {isa = PBXFileReference; lastKnownFileType = wrapper.xcdatamodel; path = SBHackathonMobile.xcdatamodel; sourceTree = "<group>"; };
		629122941A7CCFDF00AD4E8C /* ViewController.h */ = {isa = PBXFileReference; lastKnownFileType = sourcecode.c.h; path = ViewController.h; sourceTree = "<group>"; };
		629122951A7CCFDF00AD4E8C /* ViewController.m */ = {isa = PBXFileReference; lastKnownFileType = sourcecode.c.objc; path = ViewController.m; sourceTree = "<group>"; };
		629122981A7CCFDF00AD4E8C /* Base */ = {isa = PBXFileReference; lastKnownFileType = file.storyboard; name = Base; path = Base.lproj/Main.storyboard; sourceTree = "<group>"; };
		6291229A1A7CCFDF00AD4E8C /* Images.xcassets */ = {isa = PBXFileReference; lastKnownFileType = folder.assetcatalog; path = Images.xcassets; sourceTree = "<group>"; };
		6291229D1A7CCFDF00AD4E8C /* Base */ = {isa = PBXFileReference; lastKnownFileType = file.xib; name = Base; path = Base.lproj/LaunchScreen.xib; sourceTree = "<group>"; };
		629122A31A7CCFDF00AD4E8C /* SBHackathonMobileTests.xctest */ = {isa = PBXFileReference; explicitFileType = wrapper.cfbundle; includeInIndex = 0; path = SBHackathonMobileTests.xctest; sourceTree = BUILT_PRODUCTS_DIR; };
		629122A81A7CCFDF00AD4E8C /* Info.plist */ = {isa = PBXFileReference; lastKnownFileType = text.plist.xml; path = Info.plist; sourceTree = "<group>"; };
		629122A91A7CCFDF00AD4E8C /* SBHackathonMobileTests.m */ = {isa = PBXFileReference; lastKnownFileType = sourcecode.c.objc; path = SBHackathonMobileTests.m; sourceTree = "<group>"; };
/* End PBXFileReference section */

/* Begin PBXFrameworksBuildPhase section */
		629122841A7CCFDF00AD4E8C /* Frameworks */ = {
			isa = PBXFrameworksBuildPhase;
			buildActionMask = 2147483647;
			files = (
			);
			runOnlyForDeploymentPostprocessing = 0;
		};
		629122A01A7CCFDF00AD4E8C /* Frameworks */ = {
			isa = PBXFrameworksBuildPhase;
			buildActionMask = 2147483647;
			files = (
			);
			runOnlyForDeploymentPostprocessing = 0;
		};
/* End PBXFrameworksBuildPhase section */

/* Begin PBXGroup section */
		6291227E1A7CCFDF00AD4E8C = {
			isa = PBXGroup;
			children = (
				629122891A7CCFDF00AD4E8C /* SBHackathonMobile */,
				629122A61A7CCFDF00AD4E8C /* SBHackathonMobileTests */,
				629122881A7CCFDF00AD4E8C /* Products */,
			);
			sourceTree = "<group>";
		};
		629122881A7CCFDF00AD4E8C /* Products */ = {
			isa = PBXGroup;
			children = (
				629122871A7CCFDF00AD4E8C /* SBHackathonMobile.app */,
				629122A31A7CCFDF00AD4E8C /* SBHackathonMobileTests.xctest */,
			);
			name = Products;
			sourceTree = "<group>";
		};
		629122891A7CCFDF00AD4E8C /* SBHackathonMobile */ = {
			isa = PBXGroup;
			children = (
				6291228E1A7CCFDF00AD4E8C /* AppDelegate.h */,
				6291228F1A7CCFDF00AD4E8C /* AppDelegate.m */,
				629122941A7CCFDF00AD4E8C /* ViewController.h */,
				629122951A7CCFDF00AD4E8C /* ViewController.m */,
				629122971A7CCFDF00AD4E8C /* Main.storyboard */,
				6291229A1A7CCFDF00AD4E8C /* Images.xcassets */,
				6291229C1A7CCFDF00AD4E8C /* LaunchScreen.xib */,
				629122911A7CCFDF00AD4E8C /* SBHackathonMobile.xcdatamodeld */,
				6291228A1A7CCFDF00AD4E8C /* Supporting Files */,
			);
			path = SBHackathonMobile;
			sourceTree = "<group>";
		};
		6291228A1A7CCFDF00AD4E8C /* Supporting Files */ = {
			isa = PBXGroup;
			children = (
				6291228B1A7CCFDF00AD4E8C /* Info.plist */,
				6291228C1A7CCFDF00AD4E8C /* main.m */,
			);
			name = "Supporting Files";
			sourceTree = "<group>";
		};
		629122A61A7CCFDF00AD4E8C /* SBHackathonMobileTests */ = {
			isa = PBXGroup;
			children = (
				629122A91A7CCFDF00AD4E8C /* SBHackathonMobileTests.m */,
				629122A71A7CCFDF00AD4E8C /* Supporting Files */,
			);
			path = SBHackathonMobileTests;
			sourceTree = "<group>";
		};
		629122A71A7CCFDF00AD4E8C /* Supporting Files */ = {
			isa = PBXGroup;
			children = (
				629122A81A7CCFDF00AD4E8C /* Info.plist */,
			);
			name = "Supporting Files";
			sourceTree = "<group>";
		};
/* End PBXGroup section */

/* Begin PBXNativeTarget section */
		629122861A7CCFDF00AD4E8C /* SBHackathonMobile */ = {
			isa = PBXNativeTarget;
			buildConfigurationList = 629122AD1A7CCFDF00AD4E8C /* Build configuration list for PBXNativeTarget "SBHackathonMobile" */;
			buildPhases = (
				629122831A7CCFDF00AD4E8C /* Sources */,
				629122841A7CCFDF00AD4E8C /* Frameworks */,
				629122851A7CCFDF00AD4E8C /* Resources */,
			);
			buildRules = (
			);
			dependencies = (
			);
			name = SBHackathonMobile;
			productName = SBHackathonMobile;
			productReference = 629122871A7CCFDF00AD4E8C /* SBHackathonMobile.app */;
			productType = "com.apple.product-type.application";
		};
		629122A21A7CCFDF00AD4E8C /* SBHackathonMobileTests */ = {
			isa = PBXNativeTarget;
			buildConfigurationList = 629122B01A7CCFDF00AD4E8C /* Build configuration list for PBXNativeTarget "SBHackathonMobileTests" */;
			buildPhases = (
				6291229F1A7CCFDF00AD4E8C /* Sources */,
				629122A01A7CCFDF00AD4E8C /* Frameworks */,
				629122A11A7CCFDF00AD4E8C /* Resources */,
			);
			buildRules = (
			);
			dependencies = (
				629122A51A7CCFDF00AD4E8C /* PBXTargetDependency */,
			);
			name = SBHackathonMobileTests;
			productName = SBHackathonMobileTests;
			productReference = 629122A31A7CCFDF00AD4E8C /* SBHackathonMobileTests.xctest */;
			productType = "com.apple.product-type.bundle.unit-test";
		};
/* End PBXNativeTarget section */

/* Begin PBXProject section */
		6291227F1A7CCFDF00AD4E8C /* Project object */ = {
			isa = PBXProject;
			attributes = {
				LastUpgradeCheck = 0610;
				ORGANIZATIONNAME = sloot;
				TargetAttributes = {
					629122861A7CCFDF00AD4E8C = {
						CreatedOnToolsVersion = 6.1;
					};
					629122A21A7CCFDF00AD4E8C = {
						CreatedOnToolsVersion = 6.1;
						TestTargetID = 629122861A7CCFDF00AD4E8C;
					};
				};
			};
			buildConfigurationList = 629122821A7CCFDF00AD4E8C /* Build configuration list for PBXProject "SBHackathonMobile" */;
			compatibilityVersion = "Xcode 3.2";
			developmentRegion = English;
			hasScannedForEncodings = 0;
			knownRegions = (
				en,
				Base,
			);
			mainGroup = 6291227E1A7CCFDF00AD4E8C;
			productRefGroup = 629122881A7CCFDF00AD4E8C /* Products */;
			projectDirPath = "";
			projectRoot = "";
			targets = (
				629122861A7CCFDF00AD4E8C /* SBHackathonMobile */,
				629122A21A7CCFDF00AD4E8C /* SBHackathonMobileTests */,
			);
		};
/* End PBXProject section */

/* Begin PBXResourcesBuildPhase section */
		629122851A7CCFDF00AD4E8C /* Resources */ = {
			isa = PBXResourcesBuildPhase;
			buildActionMask = 2147483647;
			files = (
				629122991A7CCFDF00AD4E8C /* Main.storyboard in Resources */,
				6291229E1A7CCFDF00AD4E8C /* LaunchScreen.xib in Resources */,
				6291229B1A7CCFDF00AD4E8C /* Images.xcassets in Resources */,
			);
			runOnlyForDeploymentPostprocessing = 0;
		};
		629122A11A7CCFDF00AD4E8C /* Resources */ = {
			isa = PBXResourcesBuildPhase;
			buildActionMask = 2147483647;
			files = (
			);
			runOnlyForDeploymentPostprocessing = 0;
		};
/* End PBXResourcesBuildPhase section */

/* Begin PBXSourcesBuildPhase section */
		629122831A7CCFDF00AD4E8C /* Sources */ = {
			isa = PBXSourcesBuildPhase;
			buildActionMask = 2147483647;
			files = (
				629122901A7CCFDF00AD4E8C /* AppDelegate.m in Sources */,
				629122931A7CCFDF00AD4E8C /* SBHackathonMobile.xcdatamodeld in Sources */,
				629122961A7CCFDF00AD4E8C /* ViewController.m in Sources */,
				6291228D1A7CCFDF00AD4E8C /* main.m in Sources */,
			);
			runOnlyForDeploymentPostprocessing = 0;
		};
		6291229F1A7CCFDF00AD4E8C /* Sources */ = {
			isa = PBXSourcesBuildPhase;
			buildActionMask = 2147483647;
			files = (
				629122AA1A7CCFDF00AD4E8C /* SBHackathonMobileTests.m in Sources */,
			);
			runOnlyForDeploymentPostprocessing = 0;
		};
/* End PBXSourcesBuildPhase section */

/* Begin PBXTargetDependency section */
		629122A51A7CCFDF00AD4E8C /* PBXTargetDependency */ = {
			isa = PBXTargetDependency;
			target = 629122861A7CCFDF00AD4E8C /* SBHackathonMobile */;
			targetProxy = 629122A41A7CCFDF00AD4E8C /* PBXContainerItemProxy */;
		};
/* End PBXTargetDependency section */

/* Begin PBXVariantGroup section */
		629122971A7CCFDF00AD4E8C /* Main.storyboard */ = {
			isa = PBXVariantGroup;
			children = (
				629122981A7CCFDF00AD4E8C /* Base */,
			);
			name = Main.storyboard;
			sourceTree = "<group>";
		};
		6291229C1A7CCFDF00AD4E8C /* LaunchScreen.xib */ = {
			isa = PBXVariantGroup;
			children = (
				6291229D1A7CCFDF00AD4E8C /* Base */,
			);
			name = LaunchScreen.xib;
			sourceTree = "<group>";
		};
/* End PBXVariantGroup section */

/* Begin XCBuildConfiguration section */
		629122AB1A7CCFDF00AD4E8C /* Debug */ = {
			isa = XCBuildConfiguration;
			buildSettings = {
				ALWAYS_SEARCH_USER_PATHS = NO;
				CLANG_CXX_LANGUAGE_STANDARD = "gnu++0x";
				CLANG_CXX_LIBRARY = "libc++";
				CLANG_ENABLE_MODULES = YES;
				CLANG_ENABLE_OBJC_ARC = YES;
				CLANG_WARN_BOOL_CONVERSION = YES;
				CLANG_WARN_CONSTANT_CONVERSION = YES;
				CLANG_WARN_DIRECT_OBJC_ISA_USAGE = YES_ERROR;
				CLANG_WARN_EMPTY_BODY = YES;
				CLANG_WARN_ENUM_CONVERSION = YES;
				CLANG_WARN_INT_CONVERSION = YES;
				CLANG_WARN_OBJC_ROOT_CLASS = YES_ERROR;
				CLANG_WARN_UNREACHABLE_CODE = YES;
				CLANG_WARN__DUPLICATE_METHOD_MATCH = YES;
				"CODE_SIGN_IDENTITY[sdk=iphoneos*]" = "iPhone Developer";
				COPY_PHASE_STRIP = NO;
				ENABLE_STRICT_OBJC_MSGSEND = YES;
				GCC_C_LANGUAGE_STANDARD = gnu99;
				GCC_DYNAMIC_NO_PIC = NO;
				GCC_OPTIMIZATION_LEVEL = 0;
				GCC_PREPROCESSOR_DEFINITIONS = (
					"DEBUG=1",
					"$(inherited)",
				);
				GCC_SYMBOLS_PRIVATE_EXTERN = NO;
				GCC_WARN_64_TO_32_BIT_CONVERSION = YES;
				GCC_WARN_ABOUT_RETURN_TYPE = YES_ERROR;
				GCC_WARN_UNDECLARED_SELECTOR = YES;
				GCC_WARN_UNINITIALIZED_AUTOS = YES_AGGRESSIVE;
				GCC_WARN_UNUSED_FUNCTION = YES;
				GCC_WARN_UNUSED_VARIABLE = YES;
				IPHONEOS_DEPLOYMENT_TARGET = 8.1;
				MTL_ENABLE_DEBUG_INFO = YES;
				ONLY_ACTIVE_ARCH = YES;
				SDKROOT = iphoneos;
			};
			name = Debug;
		};
		629122AC1A7CCFDF00AD4E8C /* Release */ = {
			isa = XCBuildConfiguration;
			buildSettings = {
				ALWAYS_SEARCH_USER_PATHS = NO;
				CLANG_CXX_LANGUAGE_STANDARD = "gnu++0x";
				CLANG_CXX_LIBRARY = "libc++";
				CLANG_ENABLE_MODULES = YES;
				CLANG_ENABLE_OBJC_ARC = YES;
				CLANG_WARN_BOOL_CONVERSION = YES;
				CLANG_WARN_CONSTANT_CONVERSION = YES;
				CLANG_WARN_DIRECT_OBJC_ISA_USAGE = YES_ERROR;
				CLANG_WARN_EMPTY_BODY = YES;
				CLANG_WARN_ENUM_CONVERSION = YES;
				CLANG_WARN_INT_CONVERSION = YES;
				CLANG_WARN_OBJC_ROOT_CLASS = YES_ERROR;
				CLANG_WARN_UNREACHABLE_CODE = YES;
				CLANG_WARN__DUPLICATE_METHOD_MATCH = YES;
				"CODE_SIGN_IDENTITY[sdk=iphoneos*]" = "iPhone Developer";
				COPY_PHASE_STRIP = YES;
				ENABLE_NS_ASSERTIONS = NO;
				ENABLE_STRICT_OBJC_MSGSEND = YES;
				GCC_C_LANGUAGE_STANDARD = gnu99;
				GCC_WARN_64_TO_32_BIT_CONVERSION = YES;
				GCC_WARN_ABOUT_RETURN_TYPE = YES_ERROR;
				GCC_WARN_UNDECLARED_SELECTOR = YES;
				GCC_WARN_UNINITIALIZED_AUTOS = YES_AGGRESSIVE;
				GCC_WARN_UNUSED_FUNCTION = YES;
				GCC_WARN_UNUSED_VARIABLE = YES;
				IPHONEOS_DEPLOYMENT_TARGET = 8.1;
				MTL_ENABLE_DEBUG_INFO = NO;
				SDKROOT = iphoneos;
				VALIDATE_PRODUCT = YES;
			};
			name = Release;
		};
		629122AE1A7CCFDF00AD4E8C /* Debug */ = {
			isa = XCBuildConfiguration;
			buildSettings = {
				ASSETCATALOG_COMPILER_APPICON_NAME = AppIcon;
				INFOPLIST_FILE = SBHackathonMobile/Info.plist;
				LD_RUNPATH_SEARCH_PATHS = "$(inherited) @executable_path/Frameworks";
				PRODUCT_NAME = "$(TARGET_NAME)";
			};
			name = Debug;
		};
		629122AF1A7CCFDF00AD4E8C /* Release */ = {
			isa = XCBuildConfiguration;
			buildSettings = {
				ASSETCATALOG_COMPILER_APPICON_NAME = AppIcon;
				INFOPLIST_FILE = SBHackathonMobile/Info.plist;
				LD_RUNPATH_SEARCH_PATHS = "$(inherited) @executable_path/Frameworks";
				PRODUCT_NAME = "$(TARGET_NAME)";
			};
			name = Release;
		};
		629122B11A7CCFDF00AD4E8C /* Debug */ = {
			isa = XCBuildConfiguration;
			buildSettings = {
				BUNDLE_LOADER = "$(TEST_HOST)";
				FRAMEWORK_SEARCH_PATHS = (
					"$(SDKROOT)/Developer/Library/Frameworks",
					"$(inherited)",
				);
				GCC_PREPROCESSOR_DEFINITIONS = (
					"DEBUG=1",
					"$(inherited)",
				);
				INFOPLIST_FILE = SBHackathonMobileTests/Info.plist;
				LD_RUNPATH_SEARCH_PATHS = "$(inherited) @executable_path/Frameworks @loader_path/Frameworks";
				PRODUCT_NAME = "$(TARGET_NAME)";
				TEST_HOST = "$(BUILT_PRODUCTS_DIR)/SBHackathonMobile.app/SBHackathonMobile";
			};
			name = Debug;
		};
		629122B21A7CCFDF00AD4E8C /* Release */ = {
			isa = XCBuildConfiguration;
			buildSettings = {
				BUNDLE_LOADER = "$(TEST_HOST)";
				FRAMEWORK_SEARCH_PATHS = (
					"$(SDKROOT)/Developer/Library/Frameworks",
					"$(inherited)",
				);
				INFOPLIST_FILE = SBHackathonMobileTests/Info.plist;
				LD_RUNPATH_SEARCH_PATHS = "$(inherited) @executable_path/Frameworks @loader_path/Frameworks";
				PRODUCT_NAME = "$(TARGET_NAME)";
				TEST_HOST = "$(BUILT_PRODUCTS_DIR)/SBHackathonMobile.app/SBHackathonMobile";
			};
			name = Release;
		};
/* End XCBuildConfiguration section */

/* Begin XCConfigurationList section */
		629122821A7CCFDF00AD4E8C /* Build configuration list for PBXProject "SBHackathonMobile" */ = {
			isa = XCConfigurationList;
			buildConfigurations = (
				629122AB1A7CCFDF00AD4E8C /* Debug */,
				629122AC1A7CCFDF00AD4E8C /* Release */,
			);
			defaultConfigurationIsVisible = 0;
			defaultConfigurationName = Release;
		};
		629122AD1A7CCFDF00AD4E8C /* Build configuration list for PBXNativeTarget "SBHackathonMobile" */ = {
			isa = XCConfigurationList;
			buildConfigurations = (
				629122AE1A7CCFDF00AD4E8C /* Debug */,
				629122AF1A7CCFDF00AD4E8C /* Release */,
			);
			defaultConfigurationIsVisible = 0;
		};
		629122B01A7CCFDF00AD4E8C /* Build configuration list for PBXNativeTarget "SBHackathonMobileTests" */ = {
			isa = XCConfigurationList;
			buildConfigurations = (
				629122B11A7CCFDF00AD4E8C /* Debug */,
				629122B21A7CCFDF00AD4E8C /* Release */,
			);
			defaultConfigurationIsVisible = 0;
		};
/* End XCConfigurationList section */

/* Begin XCVersionGroup section */
		629122911A7CCFDF00AD4E8C /* SBHackathonMobile.xcdatamodeld */ = {
			isa = XCVersionGroup;
			children = (
				629122921A7CCFDF00AD4E8C /* SBHackathonMobile.xcdatamodel */,
			);
			currentVersion = 629122921A7CCFDF00AD4E8C /* SBHackathonMobile.xcdatamodel */;
			path = SBHackathonMobile.xcdatamodeld;
			sourceTree = "<group>";
			versionGroupType = wrapper.xcdatamodel;
		};
/* End XCVersionGroup section */
	};
	rootObject = 6291227F1A7CCFDF00AD4E8C /* Project object */;
}
